
Microsoft Visual Studio Solution File, Format Version 12.00
# Visual Studio Version 16
VisualStudioVersion = 16.0.29609.76
MinimumVisualStudioVersion = 10.0.40219.1
Project("{9A19103F-16F7-4668-BE54-9A1E7A4F7556}") = "HomeAreaManagement", "HomeAreaManagement\HomeAreaManagement.csproj", "{06624D08-8511-4CD6-AF07-60E2BA17DAE6}"
EndProject
Project("{FAE04EC0-301F-11D3-BF4B-00C04F79EFBC}") = "DataAccess", "DAL\DataAccess.csproj", "{36D45BC8-1B5D-477A-B167-0F8833D89222}"
EndProject
Global
	GlobalSection(SolutionConfigurationPlatforms) = preSolution
		Debug|Any CPU = Debug|Any CPU
		Release|Any CPU = Release|Any CPU
	EndGlobalSection
	GlobalSection(ProjectConfigurationPlatforms) = postSolution
		{06624D08-8511-4CD6-AF07-60E2BA17DAE6}.Debug|Any CPU.ActiveCfg = Debug|Any CPU
		{06624D08-8511-4CD6-AF07-60E2BA17DAE6}.Debug|Any CPU.Build.0 = Debug|Any CPU
		{06624D08-8511-4CD6-AF07-60E2BA17DAE6}.Release|Any CPU.ActiveCfg = Release|Any CPU
		{06624D08-8511-4CD6-AF07-60E2BA17DAE6}.Release|Any CPU.Build.0 = Release|Any CPU
		{36D45BC8-1B5D-477A-B167-0F8833D89222}.Debug|Any CPU.ActiveCfg = Debug|Any CPU
		{36D45BC8-1B5D-477A-B167-0F8833D89222}.Debug|Any CPU.Build.0 = Debug|Any CPU
		{36D45BC8-1B5D-477A-B167-0F8833D89222}.Release|Any CPU.ActiveCfg = Release|Any CPU
		{36D45BC8-1B5D-477A-B167-0F8833D89222}.Release|Any CPU.Build.0 = Release|Any CPU
	EndGlobalSection
	GlobalSection(SolutionProperties) = preSolution
		HideSolutionNode = FALSE
	EndGlobalSection
	GlobalSection(ExtensibilityGlobals) = postSolution
		SolutionGuid = {572F0510-8F6D-44DC-A9EB-792FB9616230}
	EndGlobalSection
EndGlobal
